Microsoft Visual Studio Solution File, Format Version 12.00
# Visual Studio 15
VisualStudioVersion = 15.0.28307.902
MinimumVisualStudioVersion = 10.0.40219.1
Project("{9A19103F-16F7-4668-BE54-9A1E7A4F7556}") = "IO.ClickSend", "src\IO.ClickSend\IO.ClickSend.csproj", "{D80ACF4B-17FC-45C7-B593-34233ED4FC31}"
EndProject
Project("{9A19103F-16F7-4668-BE54-9A1E7A4F7556}") = "IO.ClickSend.Test", "src\IO.ClickSend.Test\IO.ClickSend.Test.csproj", "{C6AC5D48-725F-4B0F-97F7-8D39395F7656}"
EndProject
Global
	GlobalSection(SolutionConfigurationPlatforms) = preSolution
		Debug|Any CPU = Debug|Any CPU
		Release|Any CPU = Release|Any CPU
	EndGlobalSection
	GlobalSection(ProjectConfigurationPlatforms) = postSolution
		{D80ACF4B-17FC-45C7-B593-34233ED4FC31}.Debug|Any CPU.ActiveCfg = Debug|Any CPU
		{D80ACF4B-17FC-45C7-B593-34233ED4FC31}.Debug|Any CPU.Build.0 = Debug|Any CPU
		{D80ACF4B-17FC-45C7-B593-34233ED4FC31}.Release|Any CPU.ActiveCfg = Release|Any CPU
		{D80ACF4B-17FC-45C7-B593-34233ED4FC31}.Release|Any CPU.Build.0 = Release|Any CPU
		{C6AC5D48-725F-4B0F-97F7-8D39395F7656}.Debug|Any CPU.ActiveCfg = Debug|Any CPU
		{C6AC5D48-725F-4B0F-97F7-8D39395F7656}.Debug|Any CPU.Build.0 = Debug|Any CPU
		{C6AC5D48-725F-4B0F-97F7-8D39395F7656}.Release|Any CPU.ActiveCfg = Release|Any CPU
		{C6AC5D48-725F-4B0F-97F7-8D39395F7656}.Release|Any CPU.Build.0 = Release|Any CPU
	EndGlobalSection
	GlobalSection(SolutionProperties) = preSolution
		HideSolutionNode = FALSE
	EndGlobalSection
	GlobalSection(ExtensibilityGlobals) = postSolution
		SolutionGuid = {0C6420BA-DAA7-45EB-B0A9-5837B4DDCB18}
	EndGlobalSection
EndGlobal
